{
  "version": 4,
  "terraform_version": "0.13.5",
  "serial": 135,
  "lineage": "4957a615-667d-bb03-4fef-27dd1778b248",
  "outputs": {},
  "resources": [
    {
      "module": "module.prod_high_user_cpu",
      "mode": "managed",
      "type": "datadog_dashboard",
      "name": "ordered_dashboard",
      "provider": "provider[\"registry.terraform.io/datadog/datadog\"]",
      "instances": [
        {
          "schema_version": 0,
          "attributes": {
            "dashboard_lists": null,
            "dashboard_lists_removed": null,
            "description": "Service dashboard blueprint to get started.",
            "id": "wf2-dtd-793",
            "is_read_only": true,
            "layout_type": "ordered",
            "notify_list": [],
            "template_variable": [
              {
                "default": "prod",
                "name": "env",
                "prefix": "env"
              },
              {
                "default": "hegalapp_back",
                "name": "service",
                "prefix": "service"
              },
              {
                "default": "my_cluster",
                "name": "cluster_name",
                "prefix": "cluster_name"
              }
            ],
            "template_variable_preset": [],
            "title": "[Sandbox][KB] Terraform Service Dashboard",
            "url": "/dashboard/wf2-dtd-793/sandboxkb-terraform-service-dashboard",
            "widget": [
              {
                "alert_graph_definition": [],
                "alert_value_definition": [],
                "change_definition": [],
                "check_status_definition": [],
                "distribution_definition": [],
                "event_stream_definition": [],
                "event_timeline_definition": [],
                "free_text_definition": [],
                "group_definition": [],
                "heatmap_definition": [],
                "hostmap_definition": [],
                "iframe_definition": [],
                "image_definition": [],
                "layout": {},
                "log_stream_definition": [],
                "manage_status_definition": [],
                "note_definition": [
                  {
                    "background_color": "",
                    "content": "# Troubleshooting: $service.value - $env.value",
                    "font_size": "",
                    "show_tick": false,
                    "text_align": "",
                    "tick_edge": "",
                    "tick_pos": ""
                  }
                ],
                "query_table_definition": [],
                "query_value_definition": [],
                "scatterplot_definition": [],
                "service_level_objective_definition": [],
                "servicemap_definition": [],
                "timeseries_definition": [],
                "toplist_definition": [],
                "trace_service_definition": []
              },
              {
                "alert_graph_definition": [],
                "alert_value_definition": [],
                "change_definition": [],
                "check_status_definition": [],
                "distribution_definition": [],
                "event_stream_definition": [],
                "event_timeline_definition": [],
                "free_text_definition": [],
                "group_definition": [
                  {
                    "layout_type": "ordered",
                    "title": "Golden APM Metrics",
                    "widget": [
                      {
                        "alert_graph_definition": [],
                        "alert_value_definition": [],
                        "change_definition": [],
                        "check_status_definition": [],
                        "distribution_definition": [],
                        "event_stream_definition": [],
                        "event_timeline_definition": [],
                        "free_text_definition": [],
                        "heatmap_definition": [],
                        "hostmap_definition": [],
                        "iframe_definition": [],
                        "image_definition": [],
                        "layout": {},
                        "log_stream_definition": [],
                        "manage_status_definition": [],
                        "note_definition": [
                          {
                            "background_color": "",
                            "content": "## Golden APM Metrics\n\n- [Service List](/apm/services?env=$env.value\u0026search=$service.value)\n- [Traces](/apm/traces?query=service:$service.value%20env:$env.value)\n",
                            "font_size": "",
                            "show_tick": false,
                            "text_align": "",
                            "tick_edge": "",
                            "tick_pos": ""
                          }
                        ],
                        "query_table_definition": [],
                        "query_value_definition": [],
                        "scatterplot_definition": [],
                        "service_level_objective_definition": [],
                        "servicemap_definition": [],
                        "timeseries_definition": [],
                        "toplist_definition": [],
                        "trace_service_definition": []
                      },
                      {
                        "alert_graph_definition": [],
                        "alert_value_definition": [],
                        "change_definition": [],
                        "check_status_definition": [],
                        "distribution_definition": [],
                        "event_stream_definition": [],
                        "event_timeline_definition": [],
                        "free_text_definition": [],
                        "heatmap_definition": [],
                        "hostmap_definition": [],
                        "iframe_definition": [],
                        "image_definition": [],
                        "layout": {},
                        "log_stream_definition": [],
                        "manage_status_definition": [],
                        "note_definition": [],
                        "query_table_definition": [],
                        "query_value_definition": [],
                        "scatterplot_definition": [],
                        "service_level_objective_definition": [],
                        "servicemap_definition": [],
                        "timeseries_definition": [
                          {
                            "event": [],
                            "legend_size": "",
                            "marker": [],
                            "request": [
                              {
                                "apm_query": [],
                                "display_type": "bars",
                                "log_query": [],
                                "metadata": [],
                                "network_query": [],
                                "process_query": [],
                                "q": "sum:trace.express.request.hits{$env,$service} by {version}.as_count()",
                                "rum_query": [],
                                "security_query": [],
                                "style": []
                              }
                            ],
                            "show_legend": false,
                            "time": {},
                            "title": "hits by version",
                            "title_align": "",
                            "title_size": "",
                            "yaxis": []
                          }
                        ],
                        "toplist_definition": [],
                        "trace_service_definition": []
                      },
                      {
                        "alert_graph_definition": [],
                        "alert_value_definition": [],
                        "change_definition": [],
                        "check_status_definition": [],
                        "distribution_definition": [],
                        "event_stream_definition": [],
                        "event_timeline_definition": [],
                        "free_text_definition": [],
                        "heatmap_definition": [],
                        "hostmap_definition": [],
                        "iframe_definition": [],
                        "image_definition": [],
                        "layout": {},
                        "log_stream_definition": [],
                        "manage_status_definition": [],
                        "note_definition": [],
                        "query_table_definition": [],
                        "query_value_definition": [],
                        "scatterplot_definition": [],
                        "service_level_objective_definition": [],
                        "servicemap_definition": [],
                        "timeseries_definition": [
                          {
                            "event": [],
                            "legend_size": "",
                            "marker": [],
                            "request": [
                              {
                                "apm_query": [],
                                "display_type": "line",
                                "log_query": [],
                                "metadata": [],
                                "network_query": [],
                                "process_query": [],
                                "q": "anomalies(sum:trace.express.request.hits{$env,$service}.as_count(), 'agile', 5)",
                                "rum_query": [],
                                "security_query": [],
                                "style": []
                              }
                            ],
                            "show_legend": false,
                            "time": {},
                            "title": "hits",
                            "title_align": "",
                            "title_size": "",
                            "yaxis": []
                          }
                        ],
                        "toplist_definition": [],
                        "trace_service_definition": []
                      },
                      {
                        "alert_graph_definition": [],
                        "alert_value_definition": [],
                        "change_definition": [],
                        "check_status_definition": [],
                        "distribution_definition": [],
                        "event_stream_definition": [],
                        "event_timeline_definition": [],
                        "free_text_definition": [],
                        "heatmap_definition": [],
                        "hostmap_definition": [],
                        "iframe_definition": [],
                        "image_definition": [],
                        "layout": {},
                        "log_stream_definition": [],
                        "manage_status_definition": [],
                        "note_definition": [],
                        "query_table_definition": [],
                        "query_value_definition": [],
                        "scatterplot_definition": [],
                        "service_level_objective_definition": [],
                        "servicemap_definition": [],
                        "timeseries_definition": [
                          {
                            "event": [],
                            "legend_size": "",
                            "marker": [
                              {
                                "display_type": "error solid",
                                "label": "\u003e 10%",
                                "value": "y \u003e 10"
                              }
                            ],
                            "request": [
                              {
                                "apm_query": [],
                                "display_type": "line",
                                "log_query": [],
                                "metadata": [],
                                "network_query": [],
                                "process_query": [],
                                "q": "100*sum:trace.express.request.errors{$env,$service}.as_count().rollup(sum, 60) / sum:trace.express.request.hits{$geo,$service}.as_count().rollup(sum, 60)",
                                "rum_query": [],
                                "security_query": [],
                                "style": []
                              }
                            ],
                            "show_legend": false,
                            "time": {},
                            "title": "Error Rate",
                            "title_align": "",
                            "title_size": "",
                            "yaxis": []
                          }
                        ],
                        "toplist_definition": [],
                        "trace_service_definition": []
                      },
                      {
                        "alert_graph_definition": [],
                        "alert_value_definition": [],
                        "change_definition": [],
                        "check_status_definition": [],
                        "distribution_definition": [],
                        "event_stream_definition": [],
                        "event_timeline_definition": [],
                        "free_text_definition": [],
                        "heatmap_definition": [],
                        "hostmap_definition": [],
                        "iframe_definition": [],
                        "image_definition": [],
                        "layout": {},
                        "log_stream_definition": [],
                        "manage_status_definition": [],
                        "note_definition": [],
                        "query_table_definition": [],
                        "query_value_definition": [],
                        "scatterplot_definition": [],
                        "service_level_objective_definition": [],
                        "servicemap_definition": [],
                        "timeseries_definition": [
                          {
                            "event": [],
                            "legend_size": "",
                            "marker": [
                              {
                                "display_type": "error solid",
                                "label": "\u003e 0.10s",
                                "value": "y \u003e 0.10"
                              }
                            ],
                            "request": [
                              {
                                "apm_query": [],
                                "display_type": "line",
                                "log_query": [],
                                "metadata": [],
                                "network_query": [],
                                "process_query": [],
                                "q": "sum:trace.express.request.duration.by.service.95p{$env,$service}",
                                "rum_query": [],
                                "security_query": [],
                                "style": []
                              },
                              {
                                "apm_query": [],
                                "display_type": "line",
                                "log_query": [],
                                "metadata": [],
                                "network_query": [],
                                "process_query": [],
                                "q": "sum:trace.express.request.duration.by.service.90p{$env,$service}",
                                "rum_query": [],
                                "security_query": [],
                                "style": []
                              }
                            ],
                            "show_legend": false,
                            "time": {},
                            "title": "Latency - p95 and p90",
                            "title_align": "",
                            "title_size": "",
                            "yaxis": []
                          }
                        ],
                        "toplist_definition": [],
                        "trace_service_definition": []
                      },
                      {
                        "alert_graph_definition": [],
                        "alert_value_definition": [],
                        "change_definition": [],
                        "check_status_definition": [],
                        "distribution_definition": [],
                        "event_stream_definition": [],
                        "event_timeline_definition": [],
                        "free_text_definition": [],
                        "heatmap_definition": [],
                        "hostmap_definition": [],
                        "iframe_definition": [],
                        "image_definition": [],
                        "layout": {},
                        "log_stream_definition": [],
                        "manage_status_definition": [],
                        "note_definition": [],
                        "query_table_definition": [],
                        "query_value_definition": [],
                        "scatterplot_definition": [],
                        "service_level_objective_definition": [],
                        "servicemap_definition": [],
                        "timeseries_definition": [
                          {
                            "event": [],
                            "legend_size": "",
                            "marker": [
                              {
                                "display_type": "error solid",
                                "label": "\u003e 0.07",
                                "value": "y \u003e 0.07"
                              }
                            ],
                            "request": [
                              {
                                "apm_query": [],
                                "display_type": "line",
                                "log_query": [],
                                "metadata": [],
                                "network_query": [],
                                "process_query": [],
                                "q": "sum:trace.express.request.duration.by.service.50p{$env,$service}",
                                "rum_query": [],
                                "security_query": [],
                                "style": []
                              }
                            ],
                            "show_legend": false,
                            "time": {},
                            "title": "Latency - p50",
                            "title_align": "",
                            "title_size": "",
                            "yaxis": []
                          }
                        ],
                        "toplist_definition": [],
                        "trace_service_definition": []
                      },
                      {
                        "alert_graph_definition": [],
                        "alert_value_definition": [],
                        "change_definition": [],
                        "check_status_definition": [],
                        "distribution_definition": [],
                        "event_stream_definition": [],
                        "event_timeline_definition": [],
                        "free_text_definition": [],
                        "heatmap_definition": [],
                        "hostmap_definition": [],
                        "iframe_definition": [],
                        "image_definition": [],
                        "layout": {},
                        "log_stream_definition": [],
                        "manage_status_definition": [],
                        "note_definition": [],
                        "query_table_definition": [],
                        "query_value_definition": [],
                        "scatterplot_definition": [],
                        "service_level_objective_definition": [],
                        "servicemap_definition": [],
                        "timeseries_definition": [
                          {
                            "event": [],
                            "legend_size": "",
                            "marker": [],
                            "request": [
                              {
                                "apm_query": [],
                                "display_type": "area",
                                "log_query": [],
                                "metadata": [],
                                "network_query": [],
                                "process_query": [],
                                "q": "sum:trace.express.request.duration.by_service{$env,$service} by {sublayer_service}.rollup(sum).fill(zero) / sum:trace.express.request.duration.by_service{$env,$service}.rollup(sum).fill(zero) ",
                                "rum_query": [],
                                "security_query": [],
                                "style": []
                              }
                            ],
                            "show_legend": false,
                            "time": {},
                            "title": "Time Spent / Service",
                            "title_align": "",
                            "title_size": "",
                            "yaxis": []
                          }
                        ],
                        "toplist_definition": [],
                        "trace_service_definition": []
                      }
                    ]
                  }
                ],
                "heatmap_definition": [],
                "hostmap_definition": [],
                "iframe_definition": [],
                "image_definition": [],
                "layout": {},
                "log_stream_definition": [],
                "manage_status_definition": [],
                "note_definition": [],
                "query_table_definition": [],
                "query_value_definition": [],
                "scatterplot_definition": [],
                "service_level_objective_definition": [],
                "servicemap_definition": [],
                "timeseries_definition": [],
                "toplist_definition": [],
                "trace_service_definition": []
              },
              {
                "alert_graph_definition": [],
                "alert_value_definition": [],
                "change_definition": [],
                "check_status_definition": [],
                "distribution_definition": [],
                "event_stream_definition": [],
                "event_timeline_definition": [],
                "free_text_definition": [],
                "group_definition": [
                  {
                    "layout_type": "ordered",
                    "title": "Infra - Hosts",
                    "widget": [
                      {
                        "alert_graph_definition": [],
                        "alert_value_definition": [],
                        "change_definition": [],
                        "check_status_definition": [],
                        "distribution_definition": [],
                        "event_stream_definition": [],
                        "event_timeline_definition": [],
                        "free_text_definition": [],
                        "heatmap_definition": [],
                        "hostmap_definition": [],
                        "iframe_definition": [],
                        "image_definition": [],
                        "layout": {},
                        "log_stream_definition": [],
                        "manage_status_definition": [],
                        "note_definition": [
                          {
                            "background_color": "",
                            "content": "## Host Metrics\"\n\n- [System - Metrics](/dash/integration/1/system---metrics?tpl_var_scope=$env)\n- [System - Disk I/O](/dash/integration/2/system---disk-io?tpl_var_scope=$env)\n- [System - Networking](/dash/integration/3/system---networking?tpl_var_scope=$env)\n",
                            "font_size": "",
                            "show_tick": false,
                            "text_align": "",
                            "tick_edge": "",
                            "tick_pos": ""
                          }
                        ],
                        "query_table_definition": [],
                        "query_value_definition": [],
                        "scatterplot_definition": [],
                        "service_level_objective_definition": [],
                        "servicemap_definition": [],
                        "timeseries_definition": [],
                        "toplist_definition": [],
                        "trace_service_definition": []
                      },
                      {
                        "alert_graph_definition": [],
                        "alert_value_definition": [],
                        "change_definition": [],
                        "check_status_definition": [],
                        "distribution_definition": [],
                        "event_stream_definition": [],
                        "event_timeline_definition": [],
                        "free_text_definition": [],
                        "heatmap_definition": [],
                        "hostmap_definition": [],
                        "iframe_definition": [],
                        "image_definition": [],
                        "layout": {},
                        "log_stream_definition": [],
                        "manage_status_definition": [],
                        "note_definition": [],
                        "query_table_definition": [],
                        "query_value_definition": [],
                        "scatterplot_definition": [],
                        "service_level_objective_definition": [],
                        "servicemap_definition": [],
                        "timeseries_definition": [
                          {
                            "event": [
                              {
                                "q": "sources:datadog tags:$env agent started",
                                "tags_execution": ""
                              }
                            ],
                            "legend_size": "",
                            "marker": [],
                            "request": [
                              {
                                "apm_query": [],
                                "display_type": "bars",
                                "log_query": [],
                                "metadata": [],
                                "network_query": [],
                                "process_query": [],
                                "q": "anomalies(sum:datadog.agent.running{$env} by {host}, 'agile', 4)",
                                "rum_query": [],
                                "security_query": [],
                                "style": []
                              }
                            ],
                            "show_legend": false,
                            "time": {},
                            "title": "Agent Running",
                            "title_align": "",
                            "title_size": "",
                            "yaxis": []
                          }
                        ],
                        "toplist_definition": [],
                        "trace_service_definition": []
                      },
                      {
                        "alert_graph_definition": [],
                        "alert_value_definition": [],
                        "change_definition": [],
                        "check_status_definition": [],
                        "distribution_definition": [],
                        "event_stream_definition": [],
                        "event_timeline_definition": [],
                        "free_text_definition": [],
                        "heatmap_definition": [],
                        "hostmap_definition": [],
                        "iframe_definition": [],
                        "image_definition": [],
                        "layout": {},
                        "log_stream_definition": [],
                        "manage_status_definition": [],
                        "note_definition": [],
                        "query_table_definition": [],
                        "query_value_definition": [],
                        "scatterplot_definition": [],
                        "service_level_objective_definition": [],
                        "servicemap_definition": [],
                        "timeseries_definition": [
                          {
                            "event": [],
                            "legend_size": "",
                            "marker": [
                              {
                                "display_type": "orange solid",
                                "label": "\u003c 10%",
                                "value": "y \u003c 10"
                              },
                              {
                                "display_type": "error solid",
                                "label": "\u003c 5%",
                                "value": "y \u003c 5"
                              }
                            ],
                            "request": [
                              {
                                "apm_query": [],
                                "display_type": "line",
                                "log_query": [],
                                "metadata": [],
                                "network_query": [],
                                "process_query": [],
                                "q": "avg:system.cpu.idle{$env} by {host}",
                                "rum_query": [],
                                "security_query": [],
                                "style": []
                              }
                            ],
                            "show_legend": false,
                            "time": {},
                            "title": "CPU Idle",
                            "title_align": "",
                            "title_size": "",
                            "yaxis": [
                              {
                                "include_zero": false,
                                "label": "",
                                "max": "",
                                "min": "",
                                "scale": "log"
                              }
                            ]
                          }
                        ],
                        "toplist_definition": [],
                        "trace_service_definition": []
                      },
                      {
                        "alert_graph_definition": [],
                        "alert_value_definition": [],
                        "change_definition": [],
                        "check_status_definition": [],
                        "distribution_definition": [],
                        "event_stream_definition": [],
                        "event_timeline_definition": [],
                        "free_text_definition": [],
                        "heatmap_definition": [],
                        "hostmap_definition": [],
                        "iframe_definition": [],
                        "image_definition": [],
                        "layout": {},
                        "log_stream_definition": [],
                        "manage_status_definition": [],
                        "note_definition": [],
                        "query_table_definition": [],
                        "query_value_definition": [],
                        "scatterplot_definition": [],
                        "service_level_objective_definition": [],
                        "servicemap_definition": [],
                        "timeseries_definition": [
                          {
                            "event": [],
                            "legend_size": "",
                            "marker": [],
                            "request": [
                              {
                                "apm_query": [],
                                "display_type": "line",
                                "log_query": [],
                                "metadata": [],
                                "network_query": [],
                                "process_query": [],
                                "q": "outliers(avg:system.cpu.idle{$env} by {host}, 'DBSCAN', 3)",
                                "rum_query": [],
                                "security_query": [],
                                "style": []
                              }
                            ],
                            "show_legend": false,
                            "time": {},
                            "title": "CPU Idle - Load Balancing Check",
                            "title_align": "",
                            "title_size": "",
                            "yaxis": []
                          }
                        ],
                        "toplist_definition": [],
                        "trace_service_definition": []
                      },
                      {
                        "alert_graph_definition": [],
                        "alert_value_definition": [],
                        "change_definition": [],
                        "check_status_definition": [],
                        "distribution_definition": [],
                        "event_stream_definition": [],
                        "event_timeline_definition": [],
                        "free_text_definition": [],
                        "heatmap_definition": [],
                        "hostmap_definition": [],
                        "iframe_definition": [],
                        "image_definition": [],
                        "layout": {},
                        "log_stream_definition": [],
                        "manage_status_definition": [],
                        "note_definition": [],
                        "query_table_definition": [],
                        "query_value_definition": [],
                        "scatterplot_definition": [],
                        "service_level_objective_definition": [],
                        "servicemap_definition": [],
                        "timeseries_definition": [
                          {
                            "event": [],
                            "legend_size": "",
                            "marker": [
                              {
                                "display_type": "orange solid",
                                "label": "\u003c 10%",
                                "value": "y \u003c 10"
                              },
                              {
                                "display_type": "error solid",
                                "label": "\u003c 5%",
                                "value": "y \u003c 5"
                              }
                            ],
                            "request": [
                              {
                                "apm_query": [],
                                "display_type": "line",
                                "log_query": [],
                                "metadata": [],
                                "network_query": [],
                                "process_query": [],
                                "q": "avg:system.mem.pct_usable{$env} by {host} * 100",
                                "rum_query": [],
                                "security_query": [],
                                "style": []
                              }
                            ],
                            "show_legend": false,
                            "time": {},
                            "title": "Mem Free",
                            "title_align": "",
                            "title_size": "",
                            "yaxis": [
                              {
                                "include_zero": false,
                                "label": "",
                                "max": "",
                                "min": "",
                                "scale": "log"
                              }
                            ]
                          }
                        ],
                        "toplist_definition": [],
                        "trace_service_definition": []
                      },
                      {
                        "alert_graph_definition": [],
                        "alert_value_definition": [],
                        "change_definition": [],
                        "check_status_definition": [],
                        "distribution_definition": [],
                        "event_stream_definition": [],
                        "event_timeline_definition": [],
                        "free_text_definition": [],
                        "heatmap_definition": [],
                        "hostmap_definition": [],
                        "iframe_definition": [],
                        "image_definition": [],
                        "layout": {},
                        "log_stream_definition": [],
                        "manage_status_definition": [],
                        "note_definition": [],
                        "query_table_definition": [],
                        "query_value_definition": [],
                        "scatterplot_definition": [],
                        "service_level_objective_definition": [],
                        "servicemap_definition": [],
                        "timeseries_definition": [
                          {
                            "event": [],
                            "legend_size": "",
                            "marker": [],
                            "request": [
                              {
                                "apm_query": [],
                                "display_type": "line",
                                "log_query": [],
                                "metadata": [],
                                "network_query": [],
                                "process_query": [],
                                "q": "outliers(avg:system.mem.pct_usable{$env} by {host} * 100, 'DBSCAN', 3)",
                                "rum_query": [],
                                "security_query": [],
                                "style": []
                              }
                            ],
                            "show_legend": false,
                            "time": {},
                            "title": "Mem Free - Load Balancing Check",
                            "title_align": "",
                            "title_size": "",
                            "yaxis": []
                          }
                        ],
                        "toplist_definition": [],
                        "trace_service_definition": []
                      },
                      {
                        "alert_graph_definition": [],
                        "alert_value_definition": [],
                        "change_definition": [],
                        "check_status_definition": [],
                        "distribution_definition": [],
                        "event_stream_definition": [],
                        "event_timeline_definition": [],
                        "free_text_definition": [],
                        "heatmap_definition": [],
                        "hostmap_definition": [],
                        "iframe_definition": [],
                        "image_definition": [],
                        "layout": {},
                        "log_stream_definition": [],
                        "manage_status_definition": [],
                        "note_definition": [],
                        "query_table_definition": [],
                        "query_value_definition": [],
                        "scatterplot_definition": [],
                        "service_level_objective_definition": [],
                        "servicemap_definition": [],
                        "timeseries_definition": [
                          {
                            "event": [],
                            "legend_size": "",
                            "marker": [
                              {
                                "display_type": "orange solid",
                                "label": "\u003c 500MiB",
                                "value": "y \u003c 500000000"
                              },
                              {
                                "display_type": "error solid",
                                "label": "\u003c 100MiB",
                                "value": "y \u003c 100000000"
                              }
                            ],
                            "request": [
                              {
                                "apm_query": [],
                                "display_type": "line",
                                "log_query": [],
                                "metadata": [],
                                "network_query": [],
                                "process_query": [],
                                "q": "sum:system.disk.free{$env} by {host}",
                                "rum_query": [],
                                "security_query": [],
                                "style": []
                              }
                            ],
                            "show_legend": false,
                            "time": {},
                            "title": "Disk Free",
                            "title_align": "",
                            "title_size": "",
                            "yaxis": [
                              {
                                "include_zero": false,
                                "label": "",
                                "max": "",
                                "min": "",
                                "scale": "log"
                              }
                            ]
                          }
                        ],
                        "toplist_definition": [],
                        "trace_service_definition": []
                      },
                      {
                        "alert_graph_definition": [],
                        "alert_value_definition": [],
                        "change_definition": [],
                        "check_status_definition": [],
                        "distribution_definition": [],
                        "event_stream_definition": [],
                        "event_timeline_definition": [],
                        "free_text_definition": [],
                        "heatmap_definition": [],
                        "hostmap_definition": [],
                        "iframe_definition": [],
                        "image_definition": [],
                        "layout": {},
                        "log_stream_definition": [],
                        "manage_status_definition": [],
                        "note_definition": [],
                        "query_table_definition": [],
                        "query_value_definition": [],
                        "scatterplot_definition": [],
                        "service_level_objective_definition": [],
                        "servicemap_definition": [],
                        "timeseries_definition": [
                          {
                            "event": [],
                            "legend_size": "",
                            "marker": [
                              {
                                "display_type": "error solid",
                                "label": "\u003e 90%",
                                "value": "y \u003e 90"
                              }
                            ],
                            "request": [
                              {
                                "apm_query": [],
                                "display_type": "line",
                                "log_query": [],
                                "metadata": [],
                                "network_query": [],
                                "process_query": [],
                                "q": "avg:system.fs.inodes.in_use{$env,!device:/dev/loop0,!device:/dev/loop1,!device:/dev/loop2,!device:/dev/loop4,!device:/dev/loop3} by {host,device} * 100",
                                "rum_query": [],
                                "security_query": [],
                                "style": []
                              }
                            ],
                            "show_legend": false,
                            "time": {},
                            "title": "Inode usage",
                            "title_align": "",
                            "title_size": "",
                            "yaxis": []
                          }
                        ],
                        "toplist_definition": [],
                        "trace_service_definition": []
                      },
                      {
                        "alert_graph_definition": [],
                        "alert_value_definition": [],
                        "change_definition": [],
                        "check_status_definition": [],
                        "distribution_definition": [],
                        "event_stream_definition": [],
                        "event_timeline_definition": [],
                        "free_text_definition": [],
                        "heatmap_definition": [],
                        "hostmap_definition": [],
                        "iframe_definition": [],
                        "image_definition": [],
                        "layout": {},
                        "log_stream_definition": [],
                        "manage_status_definition": [],
                        "note_definition": [],
                        "query_table_definition": [],
                        "query_value_definition": [],
                        "scatterplot_definition": [],
                        "service_level_objective_definition": [],
                        "servicemap_definition": [],
                        "timeseries_definition": [
                          {
                            "event": [],
                            "legend_size": "",
                            "marker": [
                              {
                                "display_type": "orange solid",
                                "label": "\u003e 1",
                                "value": "y \u003e 1"
                              },
                              {
                                "display_type": "error solid",
                                "label": "\u003e 2",
                                "value": "y \u003e 2"
                              }
                            ],
                            "request": [
                              {
                                "apm_query": [],
                                "display_type": "line",
                                "log_query": [],
                                "metadata": [],
                                "network_query": [],
                                "process_query": [],
                                "q": "avg:system.load.norm.5{$env} by {host}",
                                "rum_query": [],
                                "security_query": [],
                                "style": []
                              }
                            ],
                            "show_legend": false,
                            "time": {},
                            "title": "CPU Load 5 /core",
                            "title_align": "",
                            "title_size": "",
                            "yaxis": []
                          }
                        ],
                        "toplist_definition": [],
                        "trace_service_definition": []
                      }
                    ]
                  }
                ],
                "heatmap_definition": [],
                "hostmap_definition": [],
                "iframe_definition": [],
                "image_definition": [],
                "layout": {},
                "log_stream_definition": [],
                "manage_status_definition": [],
                "note_definition": [],
                "query_table_definition": [],
                "query_value_definition": [],
                "scatterplot_definition": [],
                "service_level_objective_definition": [],
                "servicemap_definition": [],
                "timeseries_definition": [],
                "toplist_definition": [],
                "trace_service_definition": []
              },
              {
                "alert_graph_definition": [],
                "alert_value_definition": [],
                "change_definition": [],
                "check_status_definition": [],
                "distribution_definition": [],
                "event_stream_definition": [],
                "event_timeline_definition": [],
                "free_text_definition": [],
                "group_definition": [
                  {
                    "layout_type": "ordered",
                    "title": "Dependency: hegalapp_back-mongodb - Golden APM Metrics",
                    "widget": [
                      {
                        "alert_graph_definition": [],
                        "alert_value_definition": [],
                        "change_definition": [],
                        "check_status_definition": [],
                        "distribution_definition": [],
                        "event_stream_definition": [],
                        "event_timeline_definition": [],
                        "free_text_definition": [],
                        "heatmap_definition": [],
                        "hostmap_definition": [],
                        "iframe_definition": [],
                        "image_definition": [],
                        "layout": {},
                        "log_stream_definition": [],
                        "manage_status_definition": [],
                        "note_definition": [
                          {
                            "background_color": "",
                            "content": "## Golden APM Metrics - service:hegalapp_back-mongodb, $env\n\n- [Service Overview](/apm/service/hegalapp_back-mongodb/mongodb.query?env=$env.value)\n- [Service List](/apm/services?env=$env.value\u0026search=hegalapp_back-mongodb)\n- [Traces](/apm/traces?query=service:hegalapp_back-mongodb%20env:$env.value)\n",
                            "font_size": "",
                            "show_tick": false,
                            "text_align": "",
                            "tick_edge": "",
                            "tick_pos": ""
                          }
                        ],
                        "query_table_definition": [],
                        "query_value_definition": [],
                        "scatterplot_definition": [],
                        "service_level_objective_definition": [],
                        "servicemap_definition": [],
                        "timeseries_definition": [],
                        "toplist_definition": [],
                        "trace_service_definition": []
                      },
                      {
                        "alert_graph_definition": [],
                        "alert_value_definition": [],
                        "change_definition": [],
                        "check_status_definition": [],
                        "distribution_definition": [],
                        "event_stream_definition": [],
                        "event_timeline_definition": [],
                        "free_text_definition": [],
                        "heatmap_definition": [],
                        "hostmap_definition": [],
                        "iframe_definition": [],
                        "image_definition": [],
                        "layout": {},
                        "log_stream_definition": [],
                        "manage_status_definition": [],
                        "note_definition": [],
                        "query_table_definition": [],
                        "query_value_definition": [],
                        "scatterplot_definition": [],
                        "service_level_objective_definition": [],
                        "servicemap_definition": [],
                        "timeseries_definition": [
                          {
                            "event": [],
                            "legend_size": "",
                            "marker": [],
                            "request": [
                              {
                                "apm_query": [],
                                "display_type": "bars",
                                "log_query": [],
                                "metadata": [],
                                "network_query": [],
                                "process_query": [],
                                "q": "sum:trace.mongodb.query.hits{$env,service:hegalapp_back-mongodb} by {version}.as_count()",
                                "rum_query": [],
                                "security_query": [],
                                "style": []
                              }
                            ],
                            "show_legend": false,
                            "time": {},
                            "title": "hits",
                            "title_align": "",
                            "title_size": "",
                            "yaxis": []
                          }
                        ],
                        "toplist_definition": [],
                        "trace_service_definition": []
                      },
                      {
                        "alert_graph_definition": [],
                        "alert_value_definition": [],
                        "change_definition": [],
                        "check_status_definition": [],
                        "distribution_definition": [],
                        "event_stream_definition": [],
                        "event_timeline_definition": [],
                        "free_text_definition": [],
                        "heatmap_definition": [],
                        "hostmap_definition": [],
                        "iframe_definition": [],
                        "image_definition": [],
                        "layout": {},
                        "log_stream_definition": [],
                        "manage_status_definition": [],
                        "note_definition": [],
                        "query_table_definition": [],
                        "query_value_definition": [],
                        "scatterplot_definition": [],
                        "service_level_objective_definition": [],
                        "servicemap_definition": [],
                        "timeseries_definition": [
                          {
                            "event": [],
                            "legend_size": "",
                            "marker": [],
                            "request": [
                              {
                                "apm_query": [],
                                "display_type": "line",
                                "log_query": [],
                                "metadata": [],
                                "network_query": [],
                                "process_query": [],
                                "q": "anomalies(sum:trace.mongodb.query.hits{$env,service:hegalapp_back-mongodb}.as_count(), 'agile', 5)",
                                "rum_query": [],
                                "security_query": [],
                                "style": []
                              }
                            ],
                            "show_legend": false,
                            "time": {},
                            "title": "hits",
                            "title_align": "",
                            "title_size": "",
                            "yaxis": []
                          }
                        ],
                        "toplist_definition": [],
                        "trace_service_definition": []
                      },
                      {
                        "alert_graph_definition": [],
                        "alert_value_definition": [],
                        "change_definition": [],
                        "check_status_definition": [],
                        "distribution_definition": [],
                        "event_stream_definition": [],
                        "event_timeline_definition": [],
                        "free_text_definition": [],
                        "heatmap_definition": [],
                        "hostmap_definition": [],
                        "iframe_definition": [],
                        "image_definition": [],
                        "layout": {},
                        "log_stream_definition": [],
                        "manage_status_definition": [],
                        "note_definition": [],
                        "query_table_definition": [],
                        "query_value_definition": [],
                        "scatterplot_definition": [],
                        "service_level_objective_definition": [],
                        "servicemap_definition": [],
                        "timeseries_definition": [
                          {
                            "event": [],
                            "legend_size": "",
                            "marker": [
                              {
                                "display_type": "error solid",
                                "label": "\u003e 5%",
                                "value": "y \u003e 5"
                              }
                            ],
                            "request": [
                              {
                                "apm_query": [],
                                "display_type": "line",
                                "log_query": [],
                                "metadata": [],
                                "network_query": [],
                                "process_query": [],
                                "q": "100*sum:trace.mongodb.query.errors{$env,service:hegalapp_back-mongodb}.as_count().rollup(sum, 60) / sum:trace.mongodb.query.hits{$geo,service:hegalapp_back-mongodb}.as_count().rollup(sum, 60)",
                                "rum_query": [],
                                "security_query": [],
                                "style": []
                              }
                            ],
                            "show_legend": false,
                            "time": {},
                            "title": "Error Rate",
                            "title_align": "",
                            "title_size": "",
                            "yaxis": []
                          }
                        ],
                        "toplist_definition": [],
                        "trace_service_definition": []
                      },
                      {
                        "alert_graph_definition": [],
                        "alert_value_definition": [],
                        "change_definition": [],
                        "check_status_definition": [],
                        "distribution_definition": [],
                        "event_stream_definition": [],
                        "event_timeline_definition": [],
                        "free_text_definition": [],
                        "heatmap_definition": [],
                        "hostmap_definition": [],
                        "iframe_definition": [],
                        "image_definition": [],
                        "layout": {},
                        "log_stream_definition": [],
                        "manage_status_definition": [],
                        "note_definition": [],
                        "query_table_definition": [],
                        "query_value_definition": [],
                        "scatterplot_definition": [],
                        "service_level_objective_definition": [],
                        "servicemap_definition": [],
                        "timeseries_definition": [
                          {
                            "event": [],
                            "legend_size": "",
                            "marker": [
                              {
                                "display_type": "error solid",
                                "label": "\u003e 0.05s",
                                "value": "y \u003e 0.05"
                              }
                            ],
                            "request": [
                              {
                                "apm_query": [],
                                "display_type": "line",
                                "log_query": [],
                                "metadata": [],
                                "network_query": [],
                                "process_query": [],
                                "q": "sum:trace.mongodb.query.duration.by.service.95p{$env,service:hegalapp_back-mongodb}",
                                "rum_query": [],
                                "security_query": [],
                                "style": []
                              },
                              {
                                "apm_query": [],
                                "display_type": "line",
                                "log_query": [],
                                "metadata": [],
                                "network_query": [],
                                "process_query": [],
                                "q": "sum:trace.mongodb.query.duration.by.service.90p{$env,service:hegalapp_back-mongodb}",
                                "rum_query": [],
                                "security_query": [],
                                "style": []
                              }
                            ],
                            "show_legend": false,
                            "time": {},
                            "title": "Latency - p95 and p90",
                            "title_align": "",
                            "title_size": "",
                            "yaxis": []
                          }
                        ],
                        "toplist_definition": [],
                        "trace_service_definition": []
                      },
                      {
                        "alert_graph_definition": [],
                        "alert_value_definition": [],
                        "change_definition": [],
                        "check_status_definition": [],
                        "distribution_definition": [],
                        "event_stream_definition": [],
                        "event_timeline_definition": [],
                        "free_text_definition": [],
                        "heatmap_definition": [],
                        "hostmap_definition": [],
                        "iframe_definition": [],
                        "image_definition": [],
                        "layout": {},
                        "log_stream_definition": [],
                        "manage_status_definition": [],
                        "note_definition": [],
                        "query_table_definition": [],
                        "query_value_definition": [],
                        "scatterplot_definition": [],
                        "service_level_objective_definition": [],
                        "servicemap_definition": [],
                        "timeseries_definition": [
                          {
                            "event": [],
                            "legend_size": "",
                            "marker": [
                              {
                                "display_type": "error solid",
                                "label": "\u003e 0.03s",
                                "value": "y \u003e 0.03"
                              }
                            ],
                            "request": [
                              {
                                "apm_query": [],
                                "display_type": "line",
                                "log_query": [],
                                "metadata": [],
                                "network_query": [],
                                "process_query": [],
                                "q": "sum:trace.mongodb.query.duration.by.service.50p{$env,service:hegalapp_back-mongodb}",
                                "rum_query": [],
                                "security_query": [],
                                "style": []
                              }
                            ],
                            "show_legend": false,
                            "time": {},
                            "title": "Latency - p50",
                            "title_align": "",
                            "title_size": "",
                            "yaxis": []
                          }
                        ],
                        "toplist_definition": [],
                        "trace_service_definition": []
                      },
                      {
                        "alert_graph_definition": [],
                        "alert_value_definition": [],
                        "change_definition": [],
                        "check_status_definition": [],
                        "distribution_definition": [],
                        "event_stream_definition": [],
                        "event_timeline_definition": [],
                        "free_text_definition": [],
                        "heatmap_definition": [],
                        "hostmap_definition": [],
                        "iframe_definition": [],
                        "image_definition": [],
                        "layout": {},
                        "log_stream_definition": [],
                        "manage_status_definition": [],
                        "note_definition": [],
                        "query_table_definition": [],
                        "query_value_definition": [],
                        "scatterplot_definition": [],
                        "service_level_objective_definition": [],
                        "servicemap_definition": [],
                        "timeseries_definition": [
                          {
                            "event": [],
                            "legend_size": "",
                            "marker": [],
                            "request": [
                              {
                                "apm_query": [],
                                "display_type": "area",
                                "log_query": [],
                                "metadata": [],
                                "network_query": [],
                                "process_query": [],
                                "q": "sum:trace.mongodb.query.duration.by_service{$env,service:hegalapp_back-mongodb} by {sublayer_service}.rollup(sum).fill(zero) / sum:trace.mongodb.query.duration.by_service{$env,service:hegalapp_back-mongodb}.rollup(sum).fill(zero) ",
                                "rum_query": [],
                                "security_query": [],
                                "style": []
                              }
                            ],
                            "show_legend": false,
                            "time": {},
                            "title": "Time Spent / Service",
                            "title_align": "",
                            "title_size": "",
                            "yaxis": []
                          }
                        ],
                        "toplist_definition": [],
                        "trace_service_definition": []
                      }
                    ]
                  }
                ],
                "heatmap_definition": [],
                "hostmap_definition": [],
                "iframe_definition": [],
                "image_definition": [],
                "layout": {},
                "log_stream_definition": [],
                "manage_status_definition": [],
                "note_definition": [],
                "query_table_definition": [],
                "query_value_definition": [],
                "scatterplot_definition": [],
                "service_level_objective_definition": [],
                "servicemap_definition": [],
                "timeseries_definition": [],
                "toplist_definition": [],
                "trace_service_definition": []
              },
              {
                "alert_graph_definition": [],
                "alert_value_definition": [],
                "change_definition": [],
                "check_status_definition": [],
                "distribution_definition": [],
                "event_stream_definition": [],
                "event_timeline_definition": [],
                "free_text_definition": [],
                "group_definition": [
                  {
                    "layout_type": "ordered",
                    "title": "Dependency: hegalapp_back-fs - Golden APM Metrics",
                    "widget": [
                      {
                        "alert_graph_definition": [],
                        "alert_value_definition": [],
                        "change_definition": [],
                        "check_status_definition": [],
                        "distribution_definition": [],
                        "event_stream_definition": [],
                        "event_timeline_definition": [],
                        "free_text_definition": [],
                        "heatmap_definition": [],
                        "hostmap_definition": [],
                        "iframe_definition": [],
                        "image_definition": [],
                        "layout": {},
                        "log_stream_definition": [],
                        "manage_status_definition": [],
                        "note_definition": [
                          {
                            "background_color": "",
                            "content": "## Golden APM Metrics - service:hegalapp_back-fs, $env\n\n- [Service Overview](/apm/service/hegalapp_back-fs/fs.operation?env=$env.value)\n- [Service List](/apm/services?env=$env.value\u0026search=hegalapp_back-fs)\n- [Traces](/apm/traces?query=service:hegalapp_back-fs%20env:$env.value)\n",
                            "font_size": "",
                            "show_tick": false,
                            "text_align": "",
                            "tick_edge": "",
                            "tick_pos": ""
                          }
                        ],
                        "query_table_definition": [],
                        "query_value_definition": [],
                        "scatterplot_definition": [],
                        "service_level_objective_definition": [],
                        "servicemap_definition": [],
                        "timeseries_definition": [],
                        "toplist_definition": [],
                        "trace_service_definition": []
                      },
                      {
                        "alert_graph_definition": [],
                        "alert_value_definition": [],
                        "change_definition": [],
                        "check_status_definition": [],
                        "distribution_definition": [],
                        "event_stream_definition": [],
                        "event_timeline_definition": [],
                        "free_text_definition": [],
                        "heatmap_definition": [],
                        "hostmap_definition": [],
                        "iframe_definition": [],
                        "image_definition": [],
                        "layout": {},
                        "log_stream_definition": [],
                        "manage_status_definition": [],
                        "note_definition": [],
                        "query_table_definition": [],
                        "query_value_definition": [],
                        "scatterplot_definition": [],
                        "service_level_objective_definition": [],
                        "servicemap_definition": [],
                        "timeseries_definition": [
                          {
                            "event": [],
                            "legend_size": "",
                            "marker": [],
                            "request": [
                              {
                                "apm_query": [],
                                "display_type": "bars",
                                "log_query": [],
                                "metadata": [],
                                "network_query": [],
                                "process_query": [],
                                "q": "sum:trace.fs.operation.hits{$env,service:hegalapp_back-fs} by {version}.as_count()",
                                "rum_query": [],
                                "security_query": [],
                                "style": []
                              }
                            ],
                            "show_legend": false,
                            "time": {},
                            "title": "hits",
                            "title_align": "",
                            "title_size": "",
                            "yaxis": []
                          }
                        ],
                        "toplist_definition": [],
                        "trace_service_definition": []
                      },
                      {
                        "alert_graph_definition": [],
                        "alert_value_definition": [],
                        "change_definition": [],
                        "check_status_definition": [],
                        "distribution_definition": [],
                        "event_stream_definition": [],
                        "event_timeline_definition": [],
                        "free_text_definition": [],
                        "heatmap_definition": [],
                        "hostmap_definition": [],
                        "iframe_definition": [],
                        "image_definition": [],
                        "layout": {},
                        "log_stream_definition": [],
                        "manage_status_definition": [],
                        "note_definition": [],
                        "query_table_definition": [],
                        "query_value_definition": [],
                        "scatterplot_definition": [],
                        "service_level_objective_definition": [],
                        "servicemap_definition": [],
                        "timeseries_definition": [
                          {
                            "event": [],
                            "legend_size": "",
                            "marker": [],
                            "request": [
                              {
                                "apm_query": [],
                                "display_type": "line",
                                "log_query": [],
                                "metadata": [],
                                "network_query": [],
                                "process_query": [],
                                "q": "anomalies(sum:trace.fs.operation.hits{$env,service:hegalapp_back-fs}.as_count(), 'agile', 5)",
                                "rum_query": [],
                                "security_query": [],
                                "style": []
                              }
                            ],
                            "show_legend": false,
                            "time": {},
                            "title": "hits",
                            "title_align": "",
                            "title_size": "",
                            "yaxis": []
                          }
                        ],
                        "toplist_definition": [],
                        "trace_service_definition": []
                      },
                      {
                        "alert_graph_definition": [],
                        "alert_value_definition": [],
                        "change_definition": [],
                        "check_status_definition": [],
                        "distribution_definition": [],
                        "event_stream_definition": [],
                        "event_timeline_definition": [],
                        "free_text_definition": [],
                        "heatmap_definition": [],
                        "hostmap_definition": [],
                        "iframe_definition": [],
                        "image_definition": [],
                        "layout": {},
                        "log_stream_definition": [],
                        "manage_status_definition": [],
                        "note_definition": [],
                        "query_table_definition": [],
                        "query_value_definition": [],
                        "scatterplot_definition": [],
                        "service_level_objective_definition": [],
                        "servicemap_definition": [],
                        "timeseries_definition": [
                          {
                            "event": [],
                            "legend_size": "",
                            "marker": [
                              {
                                "display_type": "error solid",
                                "label": "\u003e 5%",
                                "value": "y \u003e 5"
                              }
                            ],
                            "request": [
                              {
                                "apm_query": [],
                                "display_type": "line",
                                "log_query": [],
                                "metadata": [],
                                "network_query": [],
                                "process_query": [],
                                "q": "100*sum:trace.fs.operation.errors{$env,service:hegalapp_back-fs}.as_count().rollup(sum, 60) / sum:trace.fs.operation.hits{$geo,service:hegalapp_back-fs}.as_count().rollup(sum, 60)",
                                "rum_query": [],
                                "security_query": [],
                                "style": []
                              }
                            ],
                            "show_legend": false,
                            "time": {},
                            "title": "Error Rate",
                            "title_align": "",
                            "title_size": "",
                            "yaxis": []
                          }
                        ],
                        "toplist_definition": [],
                        "trace_service_definition": []
                      },
                      {
                        "alert_graph_definition": [],
                        "alert_value_definition": [],
                        "change_definition": [],
                        "check_status_definition": [],
                        "distribution_definition": [],
                        "event_stream_definition": [],
                        "event_timeline_definition": [],
                        "free_text_definition": [],
                        "heatmap_definition": [],
                        "hostmap_definition": [],
                        "iframe_definition": [],
                        "image_definition": [],
                        "layout": {},
                        "log_stream_definition": [],
                        "manage_status_definition": [],
                        "note_definition": [],
                        "query_table_definition": [],
                        "query_value_definition": [],
                        "scatterplot_definition": [],
                        "service_level_objective_definition": [],
                        "servicemap_definition": [],
                        "timeseries_definition": [
                          {
                            "event": [],
                            "legend_size": "",
                            "marker": [
                              {
                                "display_type": "error solid",
                                "label": "\u003e 0.03s",
                                "value": "y \u003e 0.03"
                              }
                            ],
                            "request": [
                              {
                                "apm_query": [],
                                "display_type": "line",
                                "log_query": [],
                                "metadata": [],
                                "network_query": [],
                                "process_query": [],
                                "q": "sum:trace.fs.operation.duration.by.service.95p{$env,service:hegalapp_back-fs}",
                                "rum_query": [],
                                "security_query": [],
                                "style": []
                              },
                              {
                                "apm_query": [],
                                "display_type": "line",
                                "log_query": [],
                                "metadata": [],
                                "network_query": [],
                                "process_query": [],
                                "q": "sum:trace.fs.operation.duration.by.service.90p{$env,service:hegalapp_back-fs}",
                                "rum_query": [],
                                "security_query": [],
                                "style": []
                              }
                            ],
                            "show_legend": false,
                            "time": {},
                            "title": "Latency - p95 and p90",
                            "title_align": "",
                            "title_size": "",
                            "yaxis": []
                          }
                        ],
                        "toplist_definition": [],
                        "trace_service_definition": []
                      },
                      {
                        "alert_graph_definition": [],
                        "alert_value_definition": [],
                        "change_definition": [],
                        "check_status_definition": [],
                        "distribution_definition": [],
                        "event_stream_definition": [],
                        "event_timeline_definition": [],
                        "free_text_definition": [],
                        "heatmap_definition": [],
                        "hostmap_definition": [],
                        "iframe_definition": [],
                        "image_definition": [],
                        "layout": {},
                        "log_stream_definition": [],
                        "manage_status_definition": [],
                        "note_definition": [],
                        "query_table_definition": [],
                        "query_value_definition": [],
                        "scatterplot_definition": [],
                        "service_level_objective_definition": [],
                        "servicemap_definition": [],
                        "timeseries_definition": [
                          {
                            "event": [],
                            "legend_size": "",
                            "marker": [
                              {
                                "display_type": "error solid",
                                "label": "\u003e 0.01s",
                                "value": "y \u003e 0.01"
                              }
                            ],
                            "request": [
                              {
                                "apm_query": [],
                                "display_type": "line",
                                "log_query": [],
                                "metadata": [],
                                "network_query": [],
                                "process_query": [],
                                "q": "sum:trace.fs.operation.duration.by.service.50p{$env,service:hegalapp_back-fs}",
                                "rum_query": [],
                                "security_query": [],
                                "style": []
                              }
                            ],
                            "show_legend": false,
                            "time": {},
                            "title": "Latency - p50",
                            "title_align": "",
                            "title_size": "",
                            "yaxis": []
                          }
                        ],
                        "toplist_definition": [],
                        "trace_service_definition": []
                      },
                      {
                        "alert_graph_definition": [],
                        "alert_value_definition": [],
                        "change_definition": [],
                        "check_status_definition": [],
                        "distribution_definition": [],
                        "event_stream_definition": [],
                        "event_timeline_definition": [],
                        "free_text_definition": [],
                        "heatmap_definition": [],
                        "hostmap_definition": [],
                        "iframe_definition": [],
                        "image_definition": [],
                        "layout": {},
                        "log_stream_definition": [],
                        "manage_status_definition": [],
                        "note_definition": [],
                        "query_table_definition": [],
                        "query_value_definition": [],
                        "scatterplot_definition": [],
                        "service_level_objective_definition": [],
                        "servicemap_definition": [],
                        "timeseries_definition": [
                          {
                            "event": [],
                            "legend_size": "",
                            "marker": [],
                            "request": [
                              {
                                "apm_query": [],
                                "display_type": "area",
                                "log_query": [],
                                "metadata": [],
                                "network_query": [],
                                "process_query": [],
                                "q": "sum:trace.fs.operation.duration.by_service{$env,service:hegalapp_back-fs} by {sublayer_service}.rollup(sum).fill(zero) / sum:trace.fs.operation.duration.by_service{$env,service:hegalapp_back-fs}.rollup(sum).fill(zero) ",
                                "rum_query": [],
                                "security_query": [],
                                "style": []
                              }
                            ],
                            "show_legend": false,
                            "time": {},
                            "title": "Time Spent / Service",
                            "title_align": "",
                            "title_size": "",
                            "yaxis": []
                          }
                        ],
                        "toplist_definition": [],
                        "trace_service_definition": []
                      }
                    ]
                  }
                ],
                "heatmap_definition": [],
                "hostmap_definition": [],
                "iframe_definition": [],
                "image_definition": [],
                "layout": {},
                "log_stream_definition": [],
                "manage_status_definition": [],
                "note_definition": [],
                "query_table_definition": [],
                "query_value_definition": [],
                "scatterplot_definition": [],
                "service_level_objective_definition": [],
                "servicemap_definition": [],
                "timeseries_definition": [],
                "toplist_definition": [],
                "trace_service_definition": []
              },
              {
                "alert_graph_definition": [],
                "alert_value_definition": [],
                "change_definition": [],
                "check_status_definition": [],
                "distribution_definition": [],
                "event_stream_definition": [],
                "event_timeline_definition": [],
                "free_text_definition": [],
                "group_definition": [
                  {
                    "layout_type": "ordered",
                    "title": "Kubernetes",
                    "widget": [
                      {
                        "alert_graph_definition": [],
                        "alert_value_definition": [],
                        "change_definition": [],
                        "check_status_definition": [],
                        "distribution_definition": [],
                        "event_stream_definition": [],
                        "event_timeline_definition": [],
                        "free_text_definition": [],
                        "heatmap_definition": [],
                        "hostmap_definition": [],
                        "iframe_definition": [],
                        "image_definition": [],
                        "layout": {},
                        "log_stream_definition": [],
                        "manage_status_definition": [],
                        "note_definition": [
                          {
                            "background_color": "",
                            "content": "## Kubernetes\n\n- [Kubernetes Orchestration](/orchestration/overview?tags=cluster_name:$cluster_name.value)\n- [Kubernetes Overview](/screen/integration/86/kubernetes---overview?tpl_var_cluster=$cluster_name.value\u0026tpl_var_service=$service.value)\n- [Kubernetes Deployment Overview](/screen/integration/30341/kubernetes-deployments-overview?tpl_var_cluster=$cluster_name.value)\n",
                            "font_size": "",
                            "show_tick": false,
                            "text_align": "",
                            "tick_edge": "",
                            "tick_pos": ""
                          }
                        ],
                        "query_table_definition": [],
                        "query_value_definition": [],
                        "scatterplot_definition": [],
                        "service_level_objective_definition": [],
                        "servicemap_definition": [],
                        "timeseries_definition": [],
                        "toplist_definition": [],
                        "trace_service_definition": []
                      },
                      {
                        "alert_graph_definition": [],
                        "alert_value_definition": [],
                        "change_definition": [],
                        "check_status_definition": [],
                        "distribution_definition": [],
                        "event_stream_definition": [],
                        "event_timeline_definition": [],
                        "free_text_definition": [],
                        "heatmap_definition": [],
                        "hostmap_definition": [],
                        "iframe_definition": [],
                        "image_definition": [],
                        "layout": {},
                        "log_stream_definition": [],
                        "manage_status_definition": [],
                        "note_definition": [],
                        "query_table_definition": [],
                        "query_value_definition": [],
                        "scatterplot_definition": [],
                        "service_level_objective_definition": [],
                        "servicemap_definition": [],
                        "timeseries_definition": [
                          {
                            "event": [],
                            "legend_size": "",
                            "marker": [
                              {
                                "display_type": "error solid",
                                "label": "\u003e 2",
                                "value": "y \u003e 2"
                              }
                            ],
                            "request": [
                              {
                                "apm_query": [],
                                "display_type": "line",
                                "log_query": [],
                                "metadata": [],
                                "network_query": [],
                                "process_query": [],
                                "q": "avg:kubernetes_state.deployment.replicas_desired{$env,$cluster_name} by {deployment}.rollup(avg, 900) - avg:kubernetes_state.deployment.replicas_ready{$env,$cluster_name} by {deployment}.rollup(avg, 900)",
                                "rum_query": [],
                                "security_query": [],
                                "style": []
                              }
                            ],
                            "show_legend": false,
                            "time": {},
                            "title": "Replica Pod Down",
                            "title_align": "",
                            "title_size": "",
                            "yaxis": [
                              {
                                "include_zero": false,
                                "label": "",
                                "max": "",
                                "min": "",
                                "scale": "log"
                              }
                            ]
                          }
                        ],
                        "toplist_definition": [],
                        "trace_service_definition": []
                      },
                      {
                        "alert_graph_definition": [],
                        "alert_value_definition": [],
                        "change_definition": [],
                        "check_status_definition": [],
                        "distribution_definition": [],
                        "event_stream_definition": [],
                        "event_timeline_definition": [],
                        "free_text_definition": [],
                        "heatmap_definition": [],
                        "hostmap_definition": [],
                        "iframe_definition": [],
                        "image_definition": [],
                        "layout": {},
                        "log_stream_definition": [],
                        "manage_status_definition": [],
                        "note_definition": [],
                        "query_table_definition": [],
                        "query_value_definition": [],
                        "scatterplot_definition": [],
                        "service_level_objective_definition": [],
                        "servicemap_definition": [],
                        "timeseries_definition": [
                          {
                            "event": [],
                            "legend_size": "",
                            "marker": [
                              {
                                "display_type": "error solid",
                                "label": "\u003e 1",
                                "value": "y \u003e 1"
                              }
                            ],
                            "request": [
                              {
                                "apm_query": [],
                                "display_type": "line",
                                "log_query": [],
                                "metadata": [],
                                "network_query": [],
                                "process_query": [],
                                "q": "max:kubernetes_state.container.waiting{$env,$cluster_name,reason:imagepullbackoff} by {kube_namespace,pod_name}.rollup(max, 600)",
                                "rum_query": [],
                                "security_query": [],
                                "style": []
                              }
                            ],
                            "show_legend": false,
                            "time": {},
                            "title": "ImagePullBackOff",
                            "title_align": "",
                            "title_size": "",
                            "yaxis": [
                              {
                                "include_zero": false,
                                "label": "",
                                "max": "",
                                "min": "",
                                "scale": "log"
                              }
                            ]
                          }
                        ],
                        "toplist_definition": [],
                        "trace_service_definition": []
                      },
                      {
                        "alert_graph_definition": [],
                        "alert_value_definition": [],
                        "change_definition": [],
                        "check_status_definition": [],
                        "distribution_definition": [],
                        "event_stream_definition": [],
                        "event_timeline_definition": [],
                        "free_text_definition": [],
                        "heatmap_definition": [],
                        "hostmap_definition": [],
                        "iframe_definition": [],
                        "image_definition": [],
                        "layout": {},
                        "log_stream_definition": [],
                        "manage_status_definition": [],
                        "note_definition": [],
                        "query_table_definition": [],
                        "query_value_definition": [],
                        "scatterplot_definition": [],
                        "service_level_objective_definition": [],
                        "servicemap_definition": [],
                        "timeseries_definition": [
                          {
                            "event": [],
                            "legend_size": "",
                            "marker": [
                              {
                                "display_type": "error solid",
                                "label": "\u003e 5",
                                "value": "y \u003e 5"
                              }
                            ],
                            "request": [
                              {
                                "apm_query": [],
                                "display_type": "line",
                                "log_query": [],
                                "metadata": [],
                                "network_query": [],
                                "process_query": [],
                                "q": "exclude_null(avg:kubernetes.containers.restarts{$env,$cluster_name} by {pod_name}.rollup(avg, 300))-hour_before(exclude_null(avg:kubernetes.containers.restarts{$env,$cluster_name} by {pod_name}.rollup(avg, 300)))",
                                "rum_query": [],
                                "security_query": [],
                                "style": []
                              }
                            ],
                            "show_legend": false,
                            "time": {},
                            "title": "Pod Restarting",
                            "title_align": "",
                            "title_size": "",
                            "yaxis": [
                              {
                                "include_zero": false,
                                "label": "",
                                "max": "",
                                "min": "",
                                "scale": "log"
                              }
                            ]
                          }
                        ],
                        "toplist_definition": [],
                        "trace_service_definition": []
                      },
                      {
                        "alert_graph_definition": [],
                        "alert_value_definition": [],
                        "change_definition": [],
                        "check_status_definition": [],
                        "distribution_definition": [],
                        "event_stream_definition": [],
                        "event_timeline_definition": [],
                        "free_text_definition": [],
                        "heatmap_definition": [],
                        "hostmap_definition": [],
                        "iframe_definition": [],
                        "image_definition": [],
                        "layout": {},
                        "log_stream_definition": [],
                        "manage_status_definition": [],
                        "note_definition": [],
                        "query_table_definition": [],
                        "query_value_definition": [],
                        "scatterplot_definition": [],
                        "service_level_objective_definition": [],
                        "servicemap_definition": [],
                        "timeseries_definition": [
                          {
                            "event": [],
                            "legend_size": "",
                            "marker": [
                              {
                                "display_type": "error solid",
                                "label": "\u003e 2",
                                "value": "y \u003e 2"
                              }
                            ],
                            "request": [
                              {
                                "apm_query": [],
                                "display_type": "line",
                                "log_query": [],
                                "metadata": [],
                                "network_query": [],
                                "process_query": [],
                                "q": "sum:kubernetes_state.statefulset.replicas_desired{$env,$cluster_name} by {statefulset} - sum:kubernetes_state.statefulset.replicas_ready{$env,$cluster_name} by {statefulset}.rollup(max,900)",
                                "rum_query": [],
                                "security_query": [],
                                "style": []
                              }
                            ],
                            "show_legend": false,
                            "time": {},
                            "title": "Stateful Replicas Down",
                            "title_align": "",
                            "title_size": "",
                            "yaxis": [
                              {
                                "include_zero": false,
                                "label": "",
                                "max": "",
                                "min": "",
                                "scale": "log"
                              }
                            ]
                          }
                        ],
                        "toplist_definition": [],
                        "trace_service_definition": []
                      },
                      {
                        "alert_graph_definition": [],
                        "alert_value_definition": [],
                        "change_definition": [],
                        "check_status_definition": [],
                        "distribution_definition": [],
                        "event_stream_definition": [],
                        "event_timeline_definition": [],
                        "free_text_definition": [],
                        "heatmap_definition": [],
                        "hostmap_definition": [],
                        "iframe_definition": [],
                        "image_definition": [],
                        "layout": {},
                        "log_stream_definition": [],
                        "manage_status_definition": [],
                        "note_definition": [],
                        "query_table_definition": [],
                        "query_value_definition": [],
                        "scatterplot_definition": [],
                        "service_level_objective_definition": [],
                        "servicemap_definition": [],
                        "timeseries_definition": [
                          {
                            "event": [],
                            "legend_size": "",
                            "marker": [
                              {
                                "display_type": "error solid",
                                "label": "\u003e 1",
                                "value": "y \u003e 1"
                              }
                            ],
                            "request": [
                              {
                                "apm_query": [],
                                "display_type": "line",
                                "log_query": [],
                                "metadata": [],
                                "network_query": [],
                                "process_query": [],
                                "q": "max:kubernetes_state.container.waiting{$env,$cluster_name,reason:crashloopbackoff} by {kube_namespace,pod_name}.rollup(max, 600)",
                                "rum_query": [],
                                "security_query": [],
                                "style": []
                              }
                            ],
                            "show_legend": false,
                            "time": {},
                            "title": "CrashLoopBackOff",
                            "title_align": "",
                            "title_size": "",
                            "yaxis": [
                              {
                                "include_zero": false,
                                "label": "",
                                "max": "",
                                "min": "",
                                "scale": "log"
                              }
                            ]
                          }
                        ],
                        "toplist_definition": [],
                        "trace_service_definition": []
                      },
                      {
                        "alert_graph_definition": [],
                        "alert_value_definition": [],
                        "change_definition": [],
                        "check_status_definition": [],
                        "distribution_definition": [],
                        "event_stream_definition": [],
                        "event_timeline_definition": [],
                        "free_text_definition": [],
                        "heatmap_definition": [],
                        "hostmap_definition": [],
                        "iframe_definition": [],
                        "image_definition": [],
                        "layout": {},
                        "log_stream_definition": [],
                        "manage_status_definition": [],
                        "note_definition": [],
                        "query_table_definition": [],
                        "query_value_definition": [],
                        "scatterplot_definition": [],
                        "service_level_objective_definition": [],
                        "servicemap_definition": [],
                        "timeseries_definition": [
                          {
                            "event": [],
                            "legend_size": "",
                            "marker": [
                              {
                                "display_type": "error solid",
                                "label": "\u003e 10",
                                "value": "y \u003e 10"
                              }
                            ],
                            "request": [
                              {
                                "apm_query": [],
                                "display_type": "line",
                                "log_query": [],
                                "metadata": [],
                                "network_query": [],
                                "process_query": [],
                                "q": "sum:kubernetes_state.pod.status_phase{$env,$cluster_name,phase:failed} by {kubernetes_cluster,kube_namespace} - hour_before(sum:kubernetes_state.pod.status_phase{$env,$cluster_name,phase:failed} by {kubernetes_cluster,kube_namespace})",
                                "rum_query": [],
                                "security_query": [],
                                "style": []
                              }
                            ],
                            "show_legend": false,
                            "time": {},
                            "title": "Failed Pods in Namespace",
                            "title_align": "",
                            "title_size": "",
                            "yaxis": [
                              {
                                "include_zero": false,
                                "label": "",
                                "max": "",
                                "min": "",
                                "scale": "log"
                              }
                            ]
                          }
                        ],
                        "toplist_definition": [],
                        "trace_service_definition": []
                      },
                      {
                        "alert_graph_definition": [],
                        "alert_value_definition": [],
                        "change_definition": [],
                        "check_status_definition": [],
                        "distribution_definition": [],
                        "event_stream_definition": [],
                        "event_timeline_definition": [],
                        "free_text_definition": [],
                        "heatmap_definition": [],
                        "hostmap_definition": [],
                        "iframe_definition": [],
                        "image_definition": [],
                        "layout": {},
                        "log_stream_definition": [],
                        "manage_status_definition": [],
                        "note_definition": [],
                        "query_table_definition": [],
                        "query_value_definition": [],
                        "scatterplot_definition": [],
                        "service_level_objective_definition": [],
                        "servicemap_definition": [],
                        "timeseries_definition": [
                          {
                            "event": [],
                            "legend_size": "",
                            "marker": [
                              {
                                "display_type": "error solid",
                                "label": "\u003c 80",
                                "value": "y \u003c 80"
                              }
                            ],
                            "request": [
                              {
                                "apm_query": [],
                                "display_type": "line",
                                "log_query": [],
                                "metadata": [],
                                "network_query": [],
                                "process_query": [],
                                "q": "sum:kubernetes_state.node.status{$env,$cluster_name,status:schedulable} by {kubernetes_cluster}.rollup(max,900) * 100 / sum:kubernetes_state.node.status{$env,$cluster_name} by {kubernetes_cluster}.rollup(max,900)",
                                "rum_query": [],
                                "security_query": [],
                                "style": []
                              }
                            ],
                            "show_legend": false,
                            "time": {},
                            "title": "Nodes Unavailable",
                            "title_align": "",
                            "title_size": "",
                            "yaxis": [
                              {
                                "include_zero": false,
                                "label": "",
                                "max": "",
                                "min": "",
                                "scale": "pow"
                              }
                            ]
                          }
                        ],
                        "toplist_definition": [],
                        "trace_service_definition": []
                      }
                    ]
                  }
                ],
                "heatmap_definition": [],
                "hostmap_definition": [],
                "iframe_definition": [],
                "image_definition": [],
                "layout": {},
                "log_stream_definition": [],
                "manage_status_definition": [],
                "note_definition": [],
                "query_table_definition": [],
                "query_value_definition": [],
                "scatterplot_definition": [],
                "service_level_objective_definition": [],
                "servicemap_definition": [],
                "timeseries_definition": [],
                "toplist_definition": [],
                "trace_service_definition": []
              },
              {
                "alert_graph_definition": [],
                "alert_value_definition": [],
                "change_definition": [],
                "check_status_definition": [],
                "distribution_definition": [],
                "event_stream_definition": [],
                "event_timeline_definition": [],
                "free_text_definition": [],
                "group_definition": [
                  {
                    "layout_type": "ordered",
                    "title": "Logs",
                    "widget": [
                      {
                        "alert_graph_definition": [],
                        "alert_value_definition": [],
                        "change_definition": [],
                        "check_status_definition": [],
                        "distribution_definition": [],
                        "event_stream_definition": [],
                        "event_timeline_definition": [],
                        "free_text_definition": [],
                        "heatmap_definition": [],
                        "hostmap_definition": [],
                        "iframe_definition": [],
                        "image_definition": [],
                        "layout": {},
                        "log_stream_definition": [],
                        "manage_status_definition": [],
                        "note_definition": [
                          {
                            "background_color": "",
                            "content": "## Logs\n",
                            "font_size": "",
                            "show_tick": false,
                            "text_align": "",
                            "tick_edge": "",
                            "tick_pos": ""
                          }
                        ],
                        "query_table_definition": [],
                        "query_value_definition": [],
                        "scatterplot_definition": [],
                        "service_level_objective_definition": [],
                        "servicemap_definition": [],
                        "timeseries_definition": [],
                        "toplist_definition": [],
                        "trace_service_definition": []
                      },
                      {
                        "alert_graph_definition": [],
                        "alert_value_definition": [],
                        "change_definition": [],
                        "check_status_definition": [],
                        "distribution_definition": [],
                        "event_stream_definition": [],
                        "event_timeline_definition": [],
                        "free_text_definition": [],
                        "heatmap_definition": [],
                        "hostmap_definition": [],
                        "iframe_definition": [],
                        "image_definition": [],
                        "layout": {},
                        "log_stream_definition": [],
                        "manage_status_definition": [],
                        "note_definition": [],
                        "query_table_definition": [],
                        "query_value_definition": [],
                        "scatterplot_definition": [],
                        "service_level_objective_definition": [],
                        "servicemap_definition": [],
                        "timeseries_definition": [],
                        "toplist_definition": [
                          {
                            "request": [
                              {
                                "apm_query": [],
                                "conditional_formats": [],
                                "log_query": [
                                  {
                                    "compute": {
                                      "aggregation": "count"
                                    },
                                    "group_by": [
                                      {
                                        "facet": "service",
                                        "limit": 100,
                                        "sort": {}
                                      }
                                    ],
                                    "index": "main",
                                    "multi_compute": [],
                                    "search": {
                                      "query": "$env"
                                    }
                                  }
                                ],
                                "process_query": [],
                                "q": "",
                                "rum_query": [],
                                "security_query": [],
                                "style": []
                              }
                            ],
                            "time": {},
                            "title": "Logs",
                            "title_align": "",
                            "title_size": ""
                          }
                        ],
                        "trace_service_definition": []
                      },
                      {
                        "alert_graph_definition": [],
                        "alert_value_definition": [],
                        "change_definition": [],
                        "check_status_definition": [],
                        "distribution_definition": [],
                        "event_stream_definition": [],
                        "event_timeline_definition": [],
                        "free_text_definition": [],
                        "heatmap_definition": [],
                        "hostmap_definition": [],
                        "iframe_definition": [],
                        "image_definition": [],
                        "layout": {},
                        "log_stream_definition": [],
                        "manage_status_definition": [],
                        "note_definition": [],
                        "query_table_definition": [],
                        "query_value_definition": [],
                        "scatterplot_definition": [],
                        "service_level_objective_definition": [],
                        "servicemap_definition": [],
                        "timeseries_definition": [
                          {
                            "event": [],
                            "legend_size": "",
                            "marker": [],
                            "request": [
                              {
                                "apm_query": [],
                                "display_type": "bars",
                                "log_query": [
                                  {
                                    "compute": {
                                      "aggregation": "count"
                                    },
                                    "group_by": [
                                      {
                                        "facet": "service",
                                        "limit": 100,
                                        "sort": {}
                                      }
                                    ],
                                    "index": "main",
                                    "multi_compute": [],
                                    "search": {
                                      "query": "$env"
                                    }
                                  }
                                ],
                                "metadata": [],
                                "network_query": [],
                                "process_query": [],
                                "q": "",
                                "rum_query": [],
                                "security_query": [],
                                "style": []
                              }
                            ],
                            "show_legend": false,
                            "time": {},
                            "title": "Logs",
                            "title_align": "",
                            "title_size": "",
                            "yaxis": []
                          }
                        ],
                        "toplist_definition": [],
                        "trace_service_definition": []
                      },
                      {
                        "alert_graph_definition": [],
                        "alert_value_definition": [],
                        "change_definition": [],
                        "check_status_definition": [],
                        "distribution_definition": [],
                        "event_stream_definition": [],
                        "event_timeline_definition": [],
                        "free_text_definition": [],
                        "heatmap_definition": [],
                        "hostmap_definition": [],
                        "iframe_definition": [],
                        "image_definition": [],
                        "layout": {},
                        "log_stream_definition": [],
                        "manage_status_definition": [],
                        "note_definition": [],
                        "query_table_definition": [],
                        "query_value_definition": [],
                        "scatterplot_definition": [],
                        "service_level_objective_definition": [],
                        "servicemap_definition": [],
                        "timeseries_definition": [
                          {
                            "event": [],
                            "legend_size": "",
                            "marker": [],
                            "request": [
                              {
                                "apm_query": [],
                                "display_type": "bars",
                                "log_query": [
                                  {
                                    "compute": {
                                      "aggregation": "count"
                                    },
                                    "group_by": [
                                      {
                                        "facet": "service",
                                        "limit": 100,
                                        "sort": {}
                                      }
                                    ],
                                    "index": "main",
                                    "multi_compute": [],
                                    "search": {
                                      "query": "$env,status:error"
                                    }
                                  }
                                ],
                                "metadata": [],
                                "network_query": [],
                                "process_query": [],
                                "q": "",
                                "rum_query": [],
                                "security_query": [],
                                "style": []
                              }
                            ],
                            "show_legend": false,
                            "time": {},
                            "title": "Logs",
                            "title_align": "",
                            "title_size": "",
                            "yaxis": []
                          }
                        ],
                        "toplist_definition": [],
                        "trace_service_definition": []
                      }
                    ]
                  }
                ],
                "heatmap_definition": [],
                "hostmap_definition": [],
                "iframe_definition": [],
                "image_definition": [],
                "layout": {},
                "log_stream_definition": [],
                "manage_status_definition": [],
                "note_definition": [],
                "query_table_definition": [],
                "query_value_definition": [],
                "scatterplot_definition": [],
                "service_level_objective_definition": [],
                "servicemap_definition": [],
                "timeseries_definition": [],
                "toplist_definition": [],
                "trace_service_definition": []
              }
            ]
          },
          "private": "bnVsbA=="
        }
      ]
    }
  ]
}
